<?xml version="1.0" encoding="utf-8"?>
<Project ToolsVersion="4.0" xmlns="http://schemas.microsoft.com/developer/msbuild/2003">
  <ItemGroup>
    <Filter Include="Interface">
      <UniqueIdentifier>{b38af48d-3e87-4bd2-8921-41d0b9a31d74}</UniqueIdentifier>
    </Filter>
    <Filter Include="World">
      <UniqueIdentifier>{cf2aa58a-60d1-48ce-ac37-f640e4f645f6}</UniqueIdentifier>
    </Filter>
    <Filter Include="Engine">
      <UniqueIdentifier>{4FC737F1-C7A5-4376-A066-2A32D752A2FF}</UniqueIdentifier>
      <Extensions>cpp;c;cc;cxx;def;odl;idl;hpj;bat;asm;asmx</Extensions>
    </Filter>
  </ItemGroup>
  <ItemGroup>
    <ClCompile Include="CAnimation.cpp">
      <Filter>Engine</Filter>
    </ClCompile>
    <ClCompile Include="CApp.cpp">
      <Filter>Engine</Filter>
    </ClCompile>
    <ClCompile Include="CApp_OnCleanup.cpp">
      <Filter>Engine</Filter>
    </ClCompile>
    <ClCompile Include="CApp_OnEvent.cpp">
      <Filter>Engine</Filter>
    </ClCompile>
    <ClCompile Include="CApp_OnInit.cpp">
      <Filter>Engine</Filter>
    </ClCompile>
    <ClCompile Include="CApp_OnLoop.cpp">
      <Filter>Engine</Filter>
    </ClCompile>
    <ClCompile Include="CApp_OnRender.cpp">
      <Filter>Engine</Filter>
    </ClCompile>
    <ClCompile Include="CArea.cpp">
      <Filter>Engine</Filter>
    </ClCompile>
    <ClCompile Include="CCamera.cpp">
      <Filter>Engine</Filter>
    </ClCompile>
    <ClCompile Include="CEvent.cpp">
      <Filter>Engine</Filter>
    </ClCompile>
    <ClCompile Include="CMap.cpp">
      <Filter>Engine</Filter>
    </ClCompile>
    <ClCompile Include="CSurface.cpp">
      <Filter>Engine</Filter>
    </ClCompile>
    <ClCompile Include="CTile.cpp">
      <Filter>Engine</Filter>
    </ClCompile>
    <ClCompile Include="CMovementGenerator.cpp">
      <Filter>Engine</Filter>
    </ClCompile>
    <ClCompile Include="CFrameControler.cpp">
      <Filter>Engine</Filter>
    </ClCompile>
    <ClCompile Include="CButton.cpp">
      <Filter>Interface</Filter>
    </ClCompile>
    <ClCompile Include="CInterface.cpp">
      <Filter>Interface</Filter>
    </ClCompile>
    <ClCompile Include="CInterfaceMsgWindow.cpp">
      <Filter>Interface</Filter>
    </ClCompile>
    <ClCompile Include="CInterfaceEquip.cpp">
      <Filter>Interface</Filter>
    </ClCompile>
    <ClCompile Include="CInterfaceUnit.cpp">
      <Filter>Interface</Filter>
    </ClCompile>
    <ClCompile Include="CInterfaceCharSheet.cpp">
      <Filter>Interface</Filter>
    </ClCompile>
    <ClCompile Include="CObject.cpp">
      <Filter>World</Filter>
    </ClCompile>
    <ClCompile Include="CEntity.cpp">
      <Filter>World</Filter>
    </ClCompile>
    <ClCompile Include="CItem.cpp">
      <Filter>World</Filter>
    </ClCompile>
    <ClCompile Include="CCharacter.cpp">
      <Filter>World</Filter>
    </ClCompile>
  </ItemGroup>
  <ItemGroup>
    <ClInclude Include="CAnimation.h">
      <Filter>Engine</Filter>
    </ClInclude>
    <ClInclude Include="CApp.h">
      <Filter>Engine</Filter>
    </ClInclude>
    <ClInclude Include="CArea.h">
      <Filter>Engine</Filter>
    </ClInclude>
    <ClInclude Include="CCamera.h">
      <Filter>Engine</Filter>
    </ClInclude>
    <ClInclude Include="CEvent.h">
      <Filter>Engine</Filter>
    </ClInclude>
    <ClInclude Include="CMap.h">
      <Filter>Engine</Filter>
    </ClInclude>
    <ClInclude Include="CSurface.h">
      <Filter>Engine</Filter>
    </ClInclude>
    <ClInclude Include="CTile.h">
      <Filter>Engine</Filter>
    </ClInclude>
    <ClInclude Include="Define.h">
      <Filter>Engine</Filter>
    </ClInclude>
    <ClInclude Include="CMovementGenerator.h">
      <Filter>Engine</Filter>
    </ClInclude>
    <ClInclude Include="CFrameControler.h">
      <Filter>Engine</Filter>
    </ClInclude>
    <ClInclude Include="CButton.h">
      <Filter>Interface</Filter>
    </ClInclude>
    <ClInclude Include="CInterface.h">
      <Filter>Interface</Filter>
    </ClInclude>
    <ClInclude Include="CInterfaceMsgWindow.h">
      <Filter>Interface</Filter>
    </ClInclude>
    <ClInclude Include="CMasage.h">
      <Filter>Engine</Filter>
    </ClInclude>
    <ClInclude Include="CInterfaceEquip.h">
      <Filter>Interface</Filter>
    </ClInclude>
    <ClInclude Include="CInterfaceUnit.h">
      <Filter>Interface</Filter>
    </ClInclude>
    <ClInclude Include="CInterfaceCharSheet.h">
      <Filter>Interface</Filter>
    </ClInclude>
    <ClInclude Include="CObject.h">
      <Filter>World</Filter>
    </ClInclude>
    <ClInclude Include="CEntity.h">
      <Filter>World</Filter>
    </ClInclude>
    <ClInclude Include="CItem.h">
      <Filter>World</Filter>
    </ClInclude>
    <ClInclude Include="CCharacter.h">
      <Filter>World</Filter>
    </ClInclude>
  </ItemGroup>
</Project>